// !$*UTF8*$!
{
	archiveVersion = 1;
	classes = {
	};
	objectVersion = 50;
	objects = {

/* Begin PBXBuildFile section */
		6D06CDEE270AD3B8004CF4A7 /* MainTabController.swift in Sources */ = {isa = PBXBuildFile; fileRef = 6D06CDEC270AD3B8004CF4A7 /* MainTabController.swift */; };
		6D06CDF3270AD983004CF4A7 /* InformationMenuController.swift in Sources */ = {isa = PBXBuildFile; fileRef = 6D06CDF2270AD983004CF4A7 /* InformationMenuController.swift */; };
		6D06CDF5270AE43B004CF4A7 /* Service.swift in Sources */ = {isa = PBXBuildFile; fileRef = 6D06CDF4270AE43B004CF4A7 /* Service.swift */; };
		6D06CDF7270AE71F004CF4A7 /* services.json in Resources */ = {isa = PBXBuildFile; fileRef = 6D06CDF6270AE71F004CF4A7 /* services.json */; };
		6D06CDF9270B4AD8004CF4A7 /* ServiceInformationControlller.swift in Sources */ = {isa = PBXBuildFile; fileRef = 6D06CDF8270B4AD7004CF4A7 /* ServiceInformationControlller.swift */; };
		6D174A0B270D7EC7000DE8A8 /* Staff.swift in Sources */ = {isa = PBXBuildFile; fileRef = 6D174A0A270D7EC6000DE8A8 /* Staff.swift */; };
		6D174A0D270D8597000DE8A8 /* StaffListingViewController.swift in Sources */ = {isa = PBXBuildFile; fileRef = 6D174A0C270D8597000DE8A8 /* StaffListingViewController.swift */; };
		6D174A10270D8BB7000DE8A8 /* StaffDetailViewController.swift in Sources */ = {isa = PBXBuildFile; fileRef = 6D174A0F270D8BB7000DE8A8 /* StaffDetailViewController.swift */; };
		6D6B393D26E7C85B008DBC5E /* AppDelegate.swift in Sources */ = {isa = PBXBuildFile; fileRef = 6D6B393C26E7C85B008DBC5E /* AppDelegate.swift */; };
		6D6B393F26E7C85B008DBC5E /* SceneDelegate.swift in Sources */ = {isa = PBXBuildFile; fileRef = 6D6B393E26E7C85B008DBC5E /* SceneDelegate.swift */; };
		6D6B394426E7C85C008DBC5E /* Main.storyboard in Resources */ = {isa = PBXBuildFile; fileRef = 6D6B394226E7C85C008DBC5E /* Main.storyboard */; };
		6D6B394626E7C85D008DBC5E /* Assets.xcassets in Resources */ = {isa = PBXBuildFile; fileRef = 6D6B394526E7C85D008DBC5E /* Assets.xcassets */; };
		6D6B394926E7C85D008DBC5E /* LaunchScreen.storyboard in Resources */ = {isa = PBXBuildFile; fileRef = 6D6B394726E7C85D008DBC5E /* LaunchScreen.storyboard */; };
		6DE77A4F27109DC000687078 /* CreateStaffViewController.swift in Sources */ = {isa = PBXBuildFile; fileRef = 6DE77A4E27109DC000687078 /* CreateStaffViewController.swift */; };
		6DEE923227126F6000DBF7E9 /* SecurityUtils.swift in Sources */ = {isa = PBXBuildFile; fileRef = 6DEE923127126F6000DBF7E9 /* SecurityUtils.swift */; };
		6DEE923327126F6000DBF7E9 /* SecurityUtils.swift in Sources */ = {isa = PBXBuildFile; fileRef = 6DEE923127126F6000DBF7E9 /* SecurityUtils.swift */; };
		6DEE92352712D9A500DBF7E9 /* Authentication.swift in Sources */ = {isa = PBXBuildFile; fileRef = 6DEE92342712D9A500DBF7E9 /* Authentication.swift */; };
		6DEE92362712D9A500DBF7E9 /* Authentication.swift in Sources */ = {isa = PBXBuildFile; fileRef = 6DEE92342712D9A500DBF7E9 /* Authentication.swift */; };
		6DEE9238271390F900DBF7E9 /* ValidateNewUserTests.swift in Sources */ = {isa = PBXBuildFile; fileRef = 6DEE9237271390F900DBF7E9 /* ValidateNewUserTests.swift */; };
		6DEE923A2713A0A500DBF7E9 /* CreateUserTest.swift in Sources */ = {isa = PBXBuildFile; fileRef = 6DEE92392713A0A500DBF7E9 /* CreateUserTest.swift */; };
		6DEE923C2713A84D00DBF7E9 /* GetUserTest.swift in Sources */ = {isa = PBXBuildFile; fileRef = 6DEE923B2713A84D00DBF7E9 /* GetUserTest.swift */; };
		6DEE92442713E78A00DBF7E9 /* ThanatologistMenuTableViewController.swift in Sources */ = {isa = PBXBuildFile; fileRef = 6DEE92432713E78A00DBF7E9 /* ThanatologistMenuTableViewController.swift */; };
		6DEE92462713E8A200DBF7E9 /* UserListingTableViewController.swift in Sources */ = {isa = PBXBuildFile; fileRef = 6DEE92452713E8A200DBF7E9 /* UserListingTableViewController.swift */; };
		6DEE92482713E8CE00DBF7E9 /* UserDetailViewController.swift in Sources */ = {isa = PBXBuildFile; fileRef = 6DEE92472713E8CE00DBF7E9 /* UserDetailViewController.swift */; };
		6DEE924A2713E8EE00DBF7E9 /* UserInformationViewController.swift in Sources */ = {isa = PBXBuildFile; fileRef = 6DEE92492713E8EE00DBF7E9 /* UserInformationViewController.swift */; };
		6DEE924C2713E90400DBF7E9 /* CreateUserViewController.swift in Sources */ = {isa = PBXBuildFile; fileRef = 6DEE924B2713E90400DBF7E9 /* CreateUserViewController.swift */; };
		6DEE924F2713ED7300DBF7E9 /* SessionListingTableViewController.swift in Sources */ = {isa = PBXBuildFile; fileRef = 6DEE924E2713ED7300DBF7E9 /* SessionListingTableViewController.swift */; };
		6DEE925127149C2B00DBF7E9 /* LoginTests.swift in Sources */ = {isa = PBXBuildFile; fileRef = 6DEE925027149C2B00DBF7E9 /* LoginTests.swift */; };
		6DF85E36270EAD5500BCA266 /* AdminMenuViewController.swift in Sources */ = {isa = PBXBuildFile; fileRef = 6DF85E35270EAD5500BCA266 /* AdminMenuViewController.swift */; };
		6DF85E38270EAEE300BCA266 /* AdminMenuTableViewController.swift in Sources */ = {isa = PBXBuildFile; fileRef = 6DF85E37270EAEE300BCA266 /* AdminMenuTableViewController.swift */; };
		6DF85E3A270EBB7500BCA266 /* StaffListingTableViewController.swift in Sources */ = {isa = PBXBuildFile; fileRef = 6DF85E39270EBB7500BCA266 /* StaffListingTableViewController.swift */; };
		6DF9FA7A270C28D4003766AF /* LoginController.swift in Sources */ = {isa = PBXBuildFile; fileRef = 6DF9FA79270C28D4003766AF /* LoginController.swift */; };
		6DF9FA7C270D004A003766AF /* ThanatologistMainViewController.swift in Sources */ = {isa = PBXBuildFile; fileRef = 6DF9FA7B270D004A003766AF /* ThanatologistMainViewController.swift */; };
/* End PBXBuildFile section */

/* Begin PBXContainerItemProxy section */
		6DEE922C271258A400DBF7E9 /* PBXContainerItemProxy */ = {
			isa = PBXContainerItemProxy;
			containerPortal = 6D6B393126E7C85B008DBC5E /* Project object */;
			proxyType = 1;
			remoteGlobalIDString = 6D6B393826E7C85B008DBC5E;
			remoteInfo = "cetac-nd-app";
		};
/* End PBXContainerItemProxy section */

/* Begin PBXFileReference section */
		6D06CDEC270AD3B8004CF4A7 /* MainTabController.swift */ = {isa = PBXFileReference; lastKnownFileType = sourcecode.swift; path = MainTabController.swift; sourceTree = "<group>"; };
		6D06CDF2270AD983004CF4A7 /* InformationMenuController.swift */ = {isa = PBXFileReference; lastKnownFileType = sourcecode.swift; path = InformationMenuController.swift; sourceTree = "<group>"; };
		6D06CDF4270AE43B004CF4A7 /* Service.swift */ = {isa = PBXFileReference; lastKnownFileType = sourcecode.swift; path = Service.swift; sourceTree = "<group>"; };
		6D06CDF6270AE71F004CF4A7 /* services.json */ = {isa = PBXFileReference; lastKnownFileType = text.json; path = services.json; sourceTree = "<group>"; };
		6D06CDF8270B4AD7004CF4A7 /* ServiceInformationControlller.swift */ = {isa = PBXFileReference; lastKnownFileType = sourcecode.swift; path = ServiceInformationControlller.swift; sourceTree = "<group>"; };
		6D174A0A270D7EC6000DE8A8 /* Staff.swift */ = {isa = PBXFileReference; lastKnownFileType = sourcecode.swift; path = Staff.swift; sourceTree = "<group>"; };
		6D174A0C270D8597000DE8A8 /* StaffListingViewController.swift */ = {isa = PBXFileReference; lastKnownFileType = sourcecode.swift; path = StaffListingViewController.swift; sourceTree = "<group>"; };
		6D174A0F270D8BB7000DE8A8 /* StaffDetailViewController.swift */ = {isa = PBXFileReference; lastKnownFileType = sourcecode.swift; path = StaffDetailViewController.swift; sourceTree = "<group>"; };
		6D6B393926E7C85B008DBC5E /* cetac-nd-app.app */ = {isa = PBXFileReference; explicitFileType = wrapper.application; includeInIndex = 0; path = "cetac-nd-app.app"; sourceTree = BUILT_PRODUCTS_DIR; };
		6D6B393C26E7C85B008DBC5E /* AppDelegate.swift */ = {isa = PBXFileReference; lastKnownFileType = sourcecode.swift; path = AppDelegate.swift; sourceTree = "<group>"; };
		6D6B393E26E7C85B008DBC5E /* SceneDelegate.swift */ = {isa = PBXFileReference; lastKnownFileType = sourcecode.swift; path = SceneDelegate.swift; sourceTree = "<group>"; };
		6D6B394326E7C85C008DBC5E /* Base */ = {isa = PBXFileReference; lastKnownFileType = file.storyboard; name = Base; path = Base.lproj/Main.storyboard; sourceTree = "<group>"; };
		6D6B394526E7C85D008DBC5E /* Assets.xcassets */ = {isa = PBXFileReference; lastKnownFileType = folder.assetcatalog; path = Assets.xcassets; sourceTree = "<group>"; };
		6D6B394826E7C85D008DBC5E /* Base */ = {isa = PBXFileReference; lastKnownFileType = file.storyboard; name = Base; path = Base.lproj/LaunchScreen.storyboard; sourceTree = "<group>"; };
		6D6B394A26E7C85D008DBC5E /* Info.plist */ = {isa = PBXFileReference; lastKnownFileType = text.plist.xml; path = Info.plist; sourceTree = "<group>"; };
		6DE77A4E27109DC000687078 /* CreateStaffViewController.swift */ = {isa = PBXFileReference; lastKnownFileType = sourcecode.swift; path = CreateStaffViewController.swift; sourceTree = "<group>"; };
		6DEE9228271258A400DBF7E9 /* cetac-nd-appTests.xctest */ = {isa = PBXFileReference; explicitFileType = wrapper.cfbundle; includeInIndex = 0; path = "cetac-nd-appTests.xctest"; sourceTree = BUILT_PRODUCTS_DIR; };
		6DEE923127126F6000DBF7E9 /* SecurityUtils.swift */ = {isa = PBXFileReference; lastKnownFileType = sourcecode.swift; path = SecurityUtils.swift; sourceTree = "<group>"; };
		6DEE92342712D9A500DBF7E9 /* Authentication.swift */ = {isa = PBXFileReference; lastKnownFileType = sourcecode.swift; path = Authentication.swift; sourceTree = "<group>"; };
		6DEE9237271390F900DBF7E9 /* ValidateNewUserTests.swift */ = {isa = PBXFileReference; lastKnownFileType = sourcecode.swift; path = ValidateNewUserTests.swift; sourceTree = "<group>"; };
		6DEE92392713A0A500DBF7E9 /* CreateUserTest.swift */ = {isa = PBXFileReference; lastKnownFileType = sourcecode.swift; path = CreateUserTest.swift; sourceTree = "<group>"; };
		6DEE923B2713A84D00DBF7E9 /* GetUserTest.swift */ = {isa = PBXFileReference; lastKnownFileType = sourcecode.swift; path = GetUserTest.swift; sourceTree = "<group>"; };
		6DEE92432713E78A00DBF7E9 /* ThanatologistMenuTableViewController.swift */ = {isa = PBXFileReference; lastKnownFileType = sourcecode.swift; path = ThanatologistMenuTableViewController.swift; sourceTree = "<group>"; };
		6DEE92452713E8A200DBF7E9 /* UserListingTableViewController.swift */ = {isa = PBXFileReference; lastKnownFileType = sourcecode.swift; path = UserListingTableViewController.swift; sourceTree = "<group>"; };
		6DEE92472713E8CE00DBF7E9 /* UserDetailViewController.swift */ = {isa = PBXFileReference; lastKnownFileType = sourcecode.swift; path = UserDetailViewController.swift; sourceTree = "<group>"; };
		6DEE92492713E8EE00DBF7E9 /* UserInformationViewController.swift */ = {isa = PBXFileReference; lastKnownFileType = sourcecode.swift; path = UserInformationViewController.swift; sourceTree = "<group>"; };
		6DEE924B2713E90400DBF7E9 /* CreateUserViewController.swift */ = {isa = PBXFileReference; lastKnownFileType = sourcecode.swift; path = CreateUserViewController.swift; sourceTree = "<group>"; };
		6DEE924E2713ED7300DBF7E9 /* SessionListingTableViewController.swift */ = {isa = PBXFileReference; lastKnownFileType = sourcecode.swift; path = SessionListingTableViewController.swift; sourceTree = "<group>"; };
		6DEE925027149C2B00DBF7E9 /* LoginTests.swift */ = {isa = PBXFileReference; lastKnownFileType = sourcecode.swift; path = LoginTests.swift; sourceTree = "<group>"; };
		6DF85E35270EAD5500BCA266 /* AdminMenuViewController.swift */ = {isa = PBXFileReference; lastKnownFileType = sourcecode.swift; path = AdminMenuViewController.swift; sourceTree = "<group>"; };
		6DF85E37270EAEE300BCA266 /* AdminMenuTableViewController.swift */ = {isa = PBXFileReference; lastKnownFileType = sourcecode.swift; path = AdminMenuTableViewController.swift; sourceTree = "<group>"; };
		6DF85E39270EBB7500BCA266 /* StaffListingTableViewController.swift */ = {isa = PBXFileReference; lastKnownFileType = sourcecode.swift; path = StaffListingTableViewController.swift; sourceTree = "<group>"; };
		6DF9FA79270C28D4003766AF /* LoginController.swift */ = {isa = PBXFileReference; lastKnownFileType = sourcecode.swift; path = LoginController.swift; sourceTree = "<group>"; };
		6DF9FA7B270D004A003766AF /* ThanatologistMainViewController.swift */ = {isa = PBXFileReference; lastKnownFileType = sourcecode.swift; path = ThanatologistMainViewController.swift; sourceTree = "<group>"; };
/* End PBXFileReference section */

/* Begin PBXFrameworksBuildPhase section */
		6D6B393626E7C85B008DBC5E /* Frameworks */ = {
			isa = PBXFrameworksBuildPhase;
			buildActionMask = 2147483647;
			files = (
			);
			runOnlyForDeploymentPostprocessing = 0;
		};
		6DEE9225271258A400DBF7E9 /* Frameworks */ = {
			isa = PBXFrameworksBuildPhase;
			buildActionMask = 2147483647;
			files = (
			);
			runOnlyForDeploymentPostprocessing = 0;
		};
/* End PBXFrameworksBuildPhase section */

/* Begin PBXGroup section */
		6D6B393026E7C85B008DBC5E = {
			isa = PBXGroup;
			children = (
				6DEE924D2713ED6100DBF7E9 /* SessionViewControllers */,
				6DEE92422713E72200DBF7E9 /* UserViewControllers */,
				6DEE92412713DC0000DBF7E9 /* Models */,
				6DEE92402713DBD500DBF7E9 /* ThanatologistViewControllers */,
				6DEE923F2713DBB300DBF7E9 /* InitialViewControllers */,
				6DEE923E2713DB9700DBF7E9 /* AdminViewControllers */,
				6D6B393B26E7C85B008DBC5E /* cetac-nd-app */,
				6DEE9229271258A400DBF7E9 /* cetac-nd-appTests */,
				6D6B393A26E7C85B008DBC5E /* Products */,
			);
			sourceTree = "<group>";
		};
		6D6B393A26E7C85B008DBC5E /* Products */ = {
			isa = PBXGroup;
			children = (
				6D6B393926E7C85B008DBC5E /* cetac-nd-app.app */,
				6DEE9228271258A400DBF7E9 /* cetac-nd-appTests.xctest */,
			);
			name = Products;
			sourceTree = "<group>";
		};
		6D6B393B26E7C85B008DBC5E /* cetac-nd-app */ = {
			isa = PBXGroup;
			children = (
				6D6B393C26E7C85B008DBC5E /* AppDelegate.swift */,
				6D6B393E26E7C85B008DBC5E /* SceneDelegate.swift */,
				6DEE923127126F6000DBF7E9 /* SecurityUtils.swift */,
				6D6B394226E7C85C008DBC5E /* Main.storyboard */,
				6D6B394726E7C85D008DBC5E /* LaunchScreen.storyboard */,
				6D6B394A26E7C85D008DBC5E /* Info.plist */,
				6D6B394526E7C85D008DBC5E /* Assets.xcassets */,
				6D06CDF6270AE71F004CF4A7 /* services.json */,
			);
			path = "cetac-nd-app";
			sourceTree = "<group>";
		};
		6DEE9229271258A400DBF7E9 /* cetac-nd-appTests */ = {
			isa = PBXGroup;
			children = (
				6DEE9237271390F900DBF7E9 /* ValidateNewUserTests.swift */,
				6DEE92392713A0A500DBF7E9 /* CreateUserTest.swift */,
				6DEE923B2713A84D00DBF7E9 /* GetUserTest.swift */,
				6DEE925027149C2B00DBF7E9 /* LoginTests.swift */,
			);
			path = "cetac-nd-appTests";
			sourceTree = "<group>";
		};
		6DEE923E2713DB9700DBF7E9 /* AdminViewControllers */ = {
			isa = PBXGroup;
			children = (
				6D174A0C270D8597000DE8A8 /* StaffListingViewController.swift */,
				6D174A0F270D8BB7000DE8A8 /* StaffDetailViewController.swift */,
				6DF85E35270EAD5500BCA266 /* AdminMenuViewController.swift */,
				6DF85E37270EAEE300BCA266 /* AdminMenuTableViewController.swift */,
				6DF85E39270EBB7500BCA266 /* StaffListingTableViewController.swift */,
				6DE77A4E27109DC000687078 /* CreateStaffViewController.swift */,
			);
			path = AdminViewControllers;
			sourceTree = "<group>";
		};
		6DEE923F2713DBB300DBF7E9 /* InitialViewControllers */ = {
			isa = PBXGroup;
			children = (
				6D06CDEC270AD3B8004CF4A7 /* MainTabController.swift */,
				6D06CDF8270B4AD7004CF4A7 /* ServiceInformationControlller.swift */,
				6DF9FA79270C28D4003766AF /* LoginController.swift */,
				6D06CDF2270AD983004CF4A7 /* InformationMenuController.swift */,
			);
			path = InitialViewControllers;
			sourceTree = "<group>";
		};
		6DEE92402713DBD500DBF7E9 /* ThanatologistViewControllers */ = {
			isa = PBXGroup;
			children = (
				6DF9FA7B270D004A003766AF /* ThanatologistMainViewController.swift */,
				6DEE92432713E78A00DBF7E9 /* ThanatologistMenuTableViewController.swift */,
			);
			path = ThanatologistViewControllers;
			sourceTree = "<group>";
		};
		6DEE92412713DC0000DBF7E9 /* Models */ = {
			isa = PBXGroup;
			children = (
				6D06CDF4270AE43B004CF4A7 /* Service.swift */,
				6D174A0A270D7EC6000DE8A8 /* Staff.swift */,
				6DEE92342712D9A500DBF7E9 /* Authentication.swift */,
			);
			path = Models;
			sourceTree = "<group>";
		};
		6DEE92422713E72200DBF7E9 /* UserViewControllers */ = {
			isa = PBXGroup;
			children = (
				6DEE92452713E8A200DBF7E9 /* UserListingTableViewController.swift */,
				6DEE92472713E8CE00DBF7E9 /* UserDetailViewController.swift */,
				6DEE92492713E8EE00DBF7E9 /* UserInformationViewController.swift */,
				6DEE924B2713E90400DBF7E9 /* CreateUserViewController.swift */,
			);
			path = UserViewControllers;
			sourceTree = "<group>";
		};
		6DEE924D2713ED6100DBF7E9 /* SessionViewControllers */ = {
			isa = PBXGroup;
			children = (
				6DEE924E2713ED7300DBF7E9 /* SessionListingTableViewController.swift */,
			);
			path = SessionViewControllers;
			sourceTree = "<group>";
		};
/* End PBXGroup section */

/* Begin PBXNativeTarget section */
		6D6B393826E7C85B008DBC5E /* cetac-nd-app */ = {
			isa = PBXNativeTarget;
			buildConfigurationList = 6D6B394D26E7C85D008DBC5E /* Build configuration list for PBXNativeTarget "cetac-nd-app" */;
			buildPhases = (
				6D6B393526E7C85B008DBC5E /* Sources */,
				6D6B393626E7C85B008DBC5E /* Frameworks */,
				6D6B393726E7C85B008DBC5E /* Resources */,
			);
			buildRules = (
			);
			dependencies = (
			);
			name = "cetac-nd-app";
			productName = "cetac-nd-app";
			productReference = 6D6B393926E7C85B008DBC5E /* cetac-nd-app.app */;
			productType = "com.apple.product-type.application";
		};
		6DEE9227271258A400DBF7E9 /* cetac-nd-appTests */ = {
			isa = PBXNativeTarget;
			buildConfigurationList = 6DEE9230271258A400DBF7E9 /* Build configuration list for PBXNativeTarget "cetac-nd-appTests" */;
			buildPhases = (
				6DEE9224271258A400DBF7E9 /* Sources */,
				6DEE9225271258A400DBF7E9 /* Frameworks */,
				6DEE9226271258A400DBF7E9 /* Resources */,
			);
			buildRules = (
			);
			dependencies = (
				6DEE922D271258A400DBF7E9 /* PBXTargetDependency */,
			);
			name = "cetac-nd-appTests";
			productName = "cetac-nd-appTests";
			productReference = 6DEE9228271258A400DBF7E9 /* cetac-nd-appTests.xctest */;
			productType = "com.apple.product-type.bundle.unit-test";
		};
/* End PBXNativeTarget section */

/* Begin PBXProject section */
		6D6B393126E7C85B008DBC5E /* Project object */ = {
			isa = PBXProject;
			attributes = {
				LastSwiftUpdateCheck = 1300;
				LastUpgradeCheck = 1250;
				TargetAttributes = {
					6D6B393826E7C85B008DBC5E = {
						CreatedOnToolsVersion = 12.5.1;
					};
					6DEE9227271258A400DBF7E9 = {
						CreatedOnToolsVersion = 13.0;
						TestTargetID = 6D6B393826E7C85B008DBC5E;
					};
				};
			};
			buildConfigurationList = 6D6B393426E7C85B008DBC5E /* Build configuration list for PBXProject "cetac-nd-app" */;
			compatibilityVersion = "Xcode 9.3";
			developmentRegion = en;
			hasScannedForEncodings = 0;
			knownRegions = (
				en,
				Base,
			);
			mainGroup = 6D6B393026E7C85B008DBC5E;
			productRefGroup = 6D6B393A26E7C85B008DBC5E /* Products */;
			projectDirPath = "";
			projectRoot = "";
			targets = (
				6D6B393826E7C85B008DBC5E /* cetac-nd-app */,
				6DEE9227271258A400DBF7E9 /* cetac-nd-appTests */,
			);
		};
/* End PBXProject section */

/* Begin PBXResourcesBuildPhase section */
		6D6B393726E7C85B008DBC5E /* Resources */ = {
			isa = PBXResourcesBuildPhase;
			buildActionMask = 2147483647;
			files = (
				6D6B394926E7C85D008DBC5E /* LaunchScreen.storyboard in Resources */,
				6D06CDF7270AE71F004CF4A7 /* services.json in Resources */,
				6D6B394626E7C85D008DBC5E /* Assets.xcassets in Resources */,
				6D6B394426E7C85C008DBC5E /* Main.storyboard in Resources */,
			);
			runOnlyForDeploymentPostprocessing = 0;
		};
		6DEE9226271258A400DBF7E9 /* Resources */ = {
			isa = PBXResourcesBuildPhase;
			buildActionMask = 2147483647;
			files = (
			);
			runOnlyForDeploymentPostprocessing = 0;
		};
/* End PBXResourcesBuildPhase section */

/* Begin PBXSourcesBuildPhase section */
		6D6B393526E7C85B008DBC5E /* Sources */ = {
			isa = PBXSourcesBuildPhase;
			buildActionMask = 2147483647;
			files = (
				6DEE92442713E78A00DBF7E9 /* ThanatologistMenuTableViewController.swift in Sources */,
				6DEE924A2713E8EE00DBF7E9 /* UserInformationViewController.swift in Sources */,
				6D174A0D270D8597000DE8A8 /* StaffListingViewController.swift in Sources */,
				6D6B393D26E7C85B008DBC5E /* AppDelegate.swift in Sources */,
				6D174A0B270D7EC7000DE8A8 /* Staff.swift in Sources */,
				6D06CDF3270AD983004CF4A7 /* InformationMenuController.swift in Sources */,
				6DF85E3A270EBB7500BCA266 /* StaffListingTableViewController.swift in Sources */,
				6DEE924F2713ED7300DBF7E9 /* SessionListingTableViewController.swift in Sources */,
				6DEE92482713E8CE00DBF7E9 /* UserDetailViewController.swift in Sources */,
				6D06CDF5270AE43B004CF4A7 /* Service.swift in Sources */,
				6D06CDF9270B4AD8004CF4A7 /* ServiceInformationControlller.swift in Sources */,
				6DEE923227126F6000DBF7E9 /* SecurityUtils.swift in Sources */,
				6DEE92352712D9A500DBF7E9 /* Authentication.swift in Sources */,
				6DE77A4F27109DC000687078 /* CreateStaffViewController.swift in Sources */,
				6D06CDEE270AD3B8004CF4A7 /* MainTabController.swift in Sources */,
				6DF85E38270EAEE300BCA266 /* AdminMenuTableViewController.swift in Sources */,
				6DEE92462713E8A200DBF7E9 /* UserListingTableViewController.swift in Sources */,
				6DF85E36270EAD5500BCA266 /* AdminMenuViewController.swift in Sources */,
				6DEE924C2713E90400DBF7E9 /* CreateUserViewController.swift in Sources */,
				6DF9FA7C270D004A003766AF /* ThanatologistMainViewController.swift in Sources */,
				6D6B393F26E7C85B008DBC5E /* SceneDelegate.swift in Sources */,
				6DF9FA7A270C28D4003766AF /* LoginController.swift in Sources */,
				6D174A10270D8BB7000DE8A8 /* StaffDetailViewController.swift in Sources */,
			);
			runOnlyForDeploymentPostprocessing = 0;
		};
		6DEE9224271258A400DBF7E9 /* Sources */ = {
			isa = PBXSourcesBuildPhase;
			buildActionMask = 2147483647;
			files = (
				6DEE923327126F6000DBF7E9 /* SecurityUtils.swift in Sources */,
				6DEE9238271390F900DBF7E9 /* ValidateNewUserTests.swift in Sources */,
				6DEE923A2713A0A500DBF7E9 /* CreateUserTest.swift in Sources */,
				6DEE925127149C2B00DBF7E9 /* LoginTests.swift in Sources */,
				6DEE92362712D9A500DBF7E9 /* Authentication.swift in Sources */,
				6DEE923C2713A84D00DBF7E9 /* GetUserTest.swift in Sources */,
			);
			runOnlyForDeploymentPostprocessing = 0;
		};
/* End PBXSourcesBuildPhase section */

/* Begin PBXTargetDependency section */
		6DEE922D271258A400DBF7E9 /* PBXTargetDependency */ = {
			isa = PBXTargetDependency;
			target = 6D6B393826E7C85B008DBC5E /* cetac-nd-app */;
			targetProxy = 6DEE922C271258A400DBF7E9 /* PBXContainerItemProxy */;
		};
/* End PBXTargetDependency section */

/* Begin PBXVariantGroup section */
		6D6B394226E7C85C008DBC5E /* Main.storyboard */ = {
			isa = PBXVariantGroup;
			children = (
				6D6B394326E7C85C008DBC5E /* Base */,
			);
			name = Main.storyboard;
			sourceTree = "<group>";
		};
		6D6B394726E7C85D008DBC5E /* LaunchScreen.storyboard */ = {
			isa = PBXVariantGroup;
			children = (
				6D6B394826E7C85D008DBC5E /* Base */,
			);
			name = LaunchScreen.storyboard;
			sourceTree = "<group>";
		};
/* End PBXVariantGroup section */

/* Begin XCBuildConfiguration section */
		6D6B394B26E7C85D008DBC5E /* Debug */ = {
			isa = XCBuildConfiguration;
			buildSettings = {
				ALWAYS_SEARCH_USER_PATHS = NO;
				CLANG_ANALYZER_NONNULL = YES;
				CLANG_ANALYZER_NUMBER_OBJECT_CONVERSION = YES_AGGRESSIVE;
				CLANG_CXX_LANGUAGE_STANDARD = "gnu++14";
				CLANG_CXX_LIBRARY = "libc++";
				CLANG_ENABLE_MODULES = YES;
				CLANG_ENABLE_OBJC_ARC = YES;
				CLANG_ENABLE_OBJC_WEAK = YES;
				CLANG_WARN_BLOCK_CAPTURE_AUTORELEASING = YES;
				CLANG_WARN_BOOL_CONVERSION = YES;
				CLANG_WARN_COMMA = YES;
				CLANG_WARN_CONSTANT_CONVERSION = YES;
				CLANG_WARN_DEPRECATED_OBJC_IMPLEMENTATIONS = YES;
				CLANG_WARN_DIRECT_OBJC_ISA_USAGE = YES_ERROR;
				CLANG_WARN_DOCUMENTATION_COMMENTS = YES;
				CLANG_WARN_EMPTY_BODY = YES;
				CLANG_WARN_ENUM_CONVERSION = YES;
				CLANG_WARN_INFINITE_RECURSION = YES;
				CLANG_WARN_INT_CONVERSION = YES;
				CLANG_WARN_NON_LITERAL_NULL_CONVERSION = YES;
				CLANG_WARN_OBJC_IMPLICIT_RETAIN_SELF = YES;
				CLANG_WARN_OBJC_LITERAL_CONVERSION = YES;
				CLANG_WARN_OBJC_ROOT_CLASS = YES_ERROR;
				CLANG_WARN_QUOTED_INCLUDE_IN_FRAMEWORK_HEADER = YES;
				CLANG_WARN_RANGE_LOOP_ANALYSIS = YES;
				CLANG_WARN_STRICT_PROTOTYPES = YES;
				CLANG_WARN_SUSPICIOUS_MOVE = YES;
				CLANG_WARN_UNGUARDED_AVAILABILITY = YES_AGGRESSIVE;
				CLANG_WARN_UNREACHABLE_CODE = YES;
				CLANG_WARN__DUPLICATE_METHOD_MATCH = YES;
				COPY_PHASE_STRIP = NO;
				DEBUG_INFORMATION_FORMAT = dwarf;
				ENABLE_STRICT_OBJC_MSGSEND = YES;
				ENABLE_TESTABILITY = YES;
				GCC_C_LANGUAGE_STANDARD = gnu11;
				GCC_DYNAMIC_NO_PIC = NO;
				GCC_NO_COMMON_BLOCKS = YES;
				GCC_OPTIMIZATION_LEVEL = 0;
				GCC_PREPROCESSOR_DEFINITIONS = (
					"DEBUG=1",
					"$(inherited)",
				);
				GCC_WARN_64_TO_32_BIT_CONVERSION = YES;
				GCC_WARN_ABOUT_RETURN_TYPE = YES_ERROR;
				GCC_WARN_UNDECLARED_SELECTOR = YES;
				GCC_WARN_UNINITIALIZED_AUTOS = YES_AGGRESSIVE;
				GCC_WARN_UNUSED_FUNCTION = YES;
				GCC_WARN_UNUSED_VARIABLE = YES;
				IPHONEOS_DEPLOYMENT_TARGET = 14.5;
				MTL_ENABLE_DEBUG_INFO = INCLUDE_SOURCE;
				MTL_FAST_MATH = YES;
				ONLY_ACTIVE_ARCH = YES;
				SDKROOT = iphoneos;
				SWIFT_ACTIVE_COMPILATION_CONDITIONS = DEBUG;
				SWIFT_OPTIMIZATION_LEVEL = "-Onone";
			};
			name = Debug;
		};
		6D6B394C26E7C85D008DBC5E /* Release */ = {
			isa = XCBuildConfiguration;
			buildSettings = {
				ALWAYS_SEARCH_USER_PATHS = NO;
				CLANG_ANALYZER_NONNULL = YES;
				CLANG_ANALYZER_NUMBER_OBJECT_CONVERSION = YES_AGGRESSIVE;
				CLANG_CXX_LANGUAGE_STANDARD = "gnu++14";
				CLANG_CXX_LIBRARY = "libc++";
				CLANG_ENABLE_MODULES = YES;
				CLANG_ENABLE_OBJC_ARC = YES;
				CLANG_ENABLE_OBJC_WEAK = YES;
				CLANG_WARN_BLOCK_CAPTURE_AUTORELEASING = YES;
				CLANG_WARN_BOOL_CONVERSION = YES;
				CLANG_WARN_COMMA = YES;
				CLANG_WARN_CONSTANT_CONVERSION = YES;
				CLANG_WARN_DEPRECATED_OBJC_IMPLEMENTATIONS = YES;
				CLANG_WARN_DIRECT_OBJC_ISA_USAGE = YES_ERROR;
				CLANG_WARN_DOCUMENTATION_COMMENTS = YES;
				CLANG_WARN_EMPTY_BODY = YES;
				CLANG_WARN_ENUM_CONVERSION = YES;
				CLANG_WARN_INFINITE_RECURSION = YES;
				CLANG_WARN_INT_CONVERSION = YES;
				CLANG_WARN_NON_LITERAL_NULL_CONVERSION = YES;
				CLANG_WARN_OBJC_IMPLICIT_RETAIN_SELF = YES;
				CLANG_WARN_OBJC_LITERAL_CONVERSION = YES;
				CLANG_WARN_OBJC_ROOT_CLASS = YES_ERROR;
				CLANG_WARN_QUOTED_INCLUDE_IN_FRAMEWORK_HEADER = YES;
				CLANG_WARN_RANGE_LOOP_ANALYSIS = YES;
				CLANG_WARN_STRICT_PROTOTYPES = YES;
				CLANG_WARN_SUSPICIOUS_MOVE = YES;
				CLANG_WARN_UNGUARDED_AVAILABILITY = YES_AGGRESSIVE;
				CLANG_WARN_UNREACHABLE_CODE = YES;
				CLANG_WARN__DUPLICATE_METHOD_MATCH = YES;
				COPY_PHASE_STRIP = NO;
				DEBUG_INFORMATION_FORMAT = "dwarf-with-dsym";
				ENABLE_NS_ASSERTIONS = NO;
				ENABLE_STRICT_OBJC_MSGSEND = YES;
				GCC_C_LANGUAGE_STANDARD = gnu11;
				GCC_NO_COMMON_BLOCKS = YES;
				GCC_WARN_64_TO_32_BIT_CONVERSION = YES;
				GCC_WARN_ABOUT_RETURN_TYPE = YES_ERROR;
				GCC_WARN_UNDECLARED_SELECTOR = YES;
				GCC_WARN_UNINITIALIZED_AUTOS = YES_AGGRESSIVE;
				GCC_WARN_UNUSED_FUNCTION = YES;
				GCC_WARN_UNUSED_VARIABLE = YES;
				IPHONEOS_DEPLOYMENT_TARGET = 14.5;
				MTL_ENABLE_DEBUG_INFO = NO;
				MTL_FAST_MATH = YES;
				SDKROOT = iphoneos;
				SWIFT_COMPILATION_MODE = wholemodule;
				SWIFT_OPTIMIZATION_LEVEL = "-O";
				VALIDATE_PRODUCT = YES;
			};
			name = Release;
		};
		6D6B394E26E7C85D008DBC5E /* Debug */ = {
			isa = XCBuildConfiguration;
			buildSettings = {
				ASSETCATALOG_COMPILER_APPICON_NAME = AppIcon;
				ASSETCATALOG_COMPILER_GLOBAL_ACCENT_COLOR_NAME = AccentColor;
				CODE_SIGN_STYLE = Automatic;
				DEVELOPMENT_TEAM = 8A5GN88TCH;
				INFOPLIST_FILE = "cetac-nd-app/Info.plist";
				LD_RUNPATH_SEARCH_PATHS = (
					"$(inherited)",
					"@executable_path/Frameworks",
				);
				PRODUCT_BUNDLE_IDENTIFIER = "CETAC-NetworkDefenders.cetac-nd-app";
				PRODUCT_NAME = "$(TARGET_NAME)";
				SWIFT_VERSION = 5.0;
				TARGETED_DEVICE_FAMILY = "1,2";
			};
			name = Debug;
		};
		6D6B394F26E7C85D008DBC5E /* Release */ = {
			isa = XCBuildConfiguration;
			buildSettings = {
				ASSETCATALOG_COMPILER_APPICON_NAME = AppIcon;
				ASSETCATALOG_COMPILER_GLOBAL_ACCENT_COLOR_NAME = AccentColor;
				CODE_SIGN_STYLE = Automatic;
				DEVELOPMENT_TEAM = 8A5GN88TCH;
				INFOPLIST_FILE = "cetac-nd-app/Info.plist";
				LD_RUNPATH_SEARCH_PATHS = (
					"$(inherited)",
					"@executable_path/Frameworks",
				);
				PRODUCT_BUNDLE_IDENTIFIER = "CETAC-NetworkDefenders.cetac-nd-app";
				PRODUCT_NAME = "$(TARGET_NAME)";
				SWIFT_VERSION = 5.0;
				TARGETED_DEVICE_FAMILY = "1,2";
			};
			name = Release;
		};
		6DEE922E271258A400DBF7E9 /* Debug */ = {
			isa = XCBuildConfiguration;
			buildSettings = {
				BUNDLE_LOADER = "$(TEST_HOST)";
				CLANG_CXX_LANGUAGE_STANDARD = "gnu++17";
				CODE_SIGN_STYLE = Automatic;
				CURRENT_PROJECT_VERSION = 1;
				DEVELOPMENT_TEAM = 8A5GN88TCH;
				GENERATE_INFOPLIST_FILE = YES;
				IPHONEOS_DEPLOYMENT_TARGET = 15.0;
				LD_RUNPATH_SEARCH_PATHS = (
					"$(inherited)",
					"@executable_path/Frameworks",
					"@loader_path/Frameworks",
				);
				MARKETING_VERSION = 1.0;
				PRODUCT_BUNDLE_IDENTIFIER = "CETAC-NetworkDefenders.cetac-nd-appTests";
				PRODUCT_NAME = "$(TARGET_NAME)";
				SWIFT_EMIT_LOC_STRINGS = NO;
				SWIFT_VERSION = 5.0;
				TARGETED_DEVICE_FAMILY = "1,2";
				TEST_HOST = "$(BUILT_PRODUCTS_DIR)/cetac-nd-app.app/cetac-nd-app";
			};
			name = Debug;
		};
		6DEE922F271258A400DBF7E9 /* Release */ = {
			isa = XCBuildConfiguration;
			buildSettings = {
				BUNDLE_LOADER = "$(TEST_HOST)";
				CLANG_CXX_LANGUAGE_STANDARD = "gnu++17";
				CODE_SIGN_STYLE = Automatic;
				CURRENT_PROJECT_VERSION = 1;
				DEVELOPMENT_TEAM = 8A5GN88TCH;
				GENERATE_INFOPLIST_FILE = YES;
				IPHONEOS_DEPLOYMENT_TARGET = 15.0;
				LD_RUNPATH_SEARCH_PATHS = (
					"$(inherited)",
					"@executable_path/Frameworks",
					"@loader_path/Frameworks",
				);
				MARKETING_VERSION = 1.0;
				PRODUCT_BUNDLE_IDENTIFIER = "CETAC-NetworkDefenders.cetac-nd-appTests";
				PRODUCT_NAME = "$(TARGET_NAME)";
				SWIFT_EMIT_LOC_STRINGS = NO;
				SWIFT_VERSION = 5.0;
				TARGETED_DEVICE_FAMILY = "1,2";
				TEST_HOST = "$(BUILT_PRODUCTS_DIR)/cetac-nd-app.app/cetac-nd-app";
			};
			name = Release;
		};
/* End XCBuildConfiguration section */

/* Begin XCConfigurationList section */
		6D6B393426E7C85B008DBC5E /* Build configuration list for PBXProject "cetac-nd-app" */ = {
			isa = XCConfigurationList;
			buildConfigurations = (
				6D6B394B26E7C85D008DBC5E /* Debug */,
				6D6B394C26E7C85D008DBC5E /* Release */,
			);
			defaultConfigurationIsVisible = 0;
			defaultConfigurationName = Release;
		};
		6D6B394D26E7C85D008DBC5E /* Build configuration list for PBXNativeTarget "cetac-nd-app" */ = {
			isa = XCConfigurationList;
			buildConfigurations = (
				6D6B394E26E7C85D008DBC5E /* Debug */,
				6D6B394F26E7C85D008DBC5E /* Release */,
			);
			defaultConfigurationIsVisible = 0;
			defaultConfigurationName = Release;
		};
		6DEE9230271258A400DBF7E9 /* Build configuration list for PBXNativeTarget "cetac-nd-appTests" */ = {
			isa = XCConfigurationList;
			buildConfigurations = (
				6DEE922E271258A400DBF7E9 /* Debug */,
				6DEE922F271258A400DBF7E9 /* Release */,
			);
			defaultConfigurationIsVisible = 0;
			defaultConfigurationName = Release;
		};
/* End XCConfigurationList section */
	};
	rootObject = 6D6B393126E7C85B008DBC5E /* Project object */;
}
